# Dependencias de GoogleFindMyTools fijadas a las versiones validadas en Windows el 2026-09-02.
# Reemplaza a vendor/GoogleFindMyTools/requirements.txt en CI para evitar roturas por versiones nuevas.
undetected-chromedriver==3.5.5
selenium==4.48.0
gpsoauth==2.0.0
requests==2.34.2
beautifulsoup4==4.15.0
pyscrypt==1.6.2
cryptography==50.0.1
pycryptodomex==3.23.0
ecdsa==0.19.2
pytz==2026.3.post1
protobuf==7.36.1
frida==17.17.0
httpx==0.28.1
h2==4.4.1
setuptools==84.0.0
aiohttp==3.14.3
http_ece==1.2.1
